
Microsoft Visual Studio Solution File, Format Version 12.00
# Visual Studio 14
VisualStudioVersion = 14.0.25420.1
MinimumVisualStudioVersion = 10.0.40219.1
Project("{FAE04EC0-301F-11D3-BF4B-00C04F79EFBC}") = "JQueryAjaxInMVC2", "JQueryAjaxInMVC2\JQueryAjaxInMVC2.csproj", "{47AF5106-5EA0-42D4-A9E1-5D41D54544D2}"
EndProject
Global
	GlobalSection(SolutionConfigurationPlatforms) = preSolution
		Debug|Any CPU = Debug|Any CPU
		Release|Any CPU = Release|Any CPU
	EndGlobalSection
	GlobalSection(ProjectConfigurationPlatforms) = postSolution
		{47AF5106-5EA0-42D4-A9E1-5D41D54544D2}.Debug|Any CPU.ActiveCfg = Debug|Any CPU
		{47AF5106-5EA0-42D4-A9E1-5D41D54544D2}.Debug|Any CPU.Build.0 = Debug|Any CPU
		{47AF5106-5EA0-42D4-A9E1-5D41D54544D2}.Release|Any CPU.ActiveCfg = Release|Any CPU
		{47AF5106-5EA0-42D4-A9E1-5D41D54544D2}.Release|Any CPU.Build.0 = Release|Any CPU
	EndGlobalSection
	GlobalSection(SolutionProperties) = preSolution
		HideSolutionNode = FALSE
	EndGlobalSection
EndGlobal
